
Microsoft Visual Studio Solution File, Format Version 11.00
# Visual Studio 2010
Project("{FAE04EC0-301F-11D3-BF4B-00C04F79EFBC}") = "BKI_QLHT", "BKI_QLHT\BKI_QLHT.csproj", "{B91F4BE2-5024-4012-A4A8-4E52E8609778}"
EndProject
Project("{FAE04EC0-301F-11D3-BF4B-00C04F79EFBC}") = "BKI_QLHT.DS", "BKI_QLHT.DS\BKI_QLHT.DS.csproj", "{4AEBA63F-E5B5-4D0C-B1B5-E6BCB13E1B5A}"
EndProject
Project("{FAE04EC0-301F-11D3-BF4B-00C04F79EFBC}") = "BKI_QLHT.US", "BKI_QLHT.US\BKI_QLHT.US.csproj", "{CAFDA83F-D091-49BF-816F-F7A7A72C68EC}"
EndProject
Project("{54435603-DBB4-11D2-8724-00A0C9A8B90C}") = "MMS", "MMS\MMS.vdproj", "{335408EB-38F7-45C3-9573-CEE7B13FEDBC}"
EndProject
Global
	GlobalSection(SolutionConfigurationPlatforms) = preSolution
		BondDebug|Any CPU = BondDebug|Any CPU
		BondDebug|Mixed Platforms = BondDebug|Mixed Platforms
		BondDebug|x86 = BondDebug|x86
		Debug|Any CPU = Debug|Any CPU
		Debug|Mixed Platforms = Debug|Mixed Platforms
		Debug|x86 = Debug|x86
		iFASDebug|Any CPU = iFASDebug|Any CPU
		iFASDebug|Mixed Platforms = iFASDebug|Mixed Platforms
		iFASDebug|x86 = iFASDebug|x86
		PersonalBuild|Any CPU = PersonalBuild|Any CPU
		PersonalBuild|Mixed Platforms = PersonalBuild|Mixed Platforms
		PersonalBuild|x86 = PersonalBuild|x86
		Release|Any CPU = Release|Any CPU
		Release|Mixed Platforms = Release|Mixed Platforms
		Release|x86 = Release|x86
		SIPDebug|Any CPU = SIPDebug|Any CPU
		SIPDebug|Mixed Platforms = SIPDebug|Mixed Platforms
		SIPDebug|x86 = SIPDebug|x86
	EndGlobalSection
	GlobalSection(ProjectConfigurationPlatforms) = postSolution
		{B91F4BE2-5024-4012-A4A8-4E52E8609778}.BondDebug|Any CPU.ActiveCfg = Debug|x86
		{B91F4BE2-5024-4012-A4A8-4E52E8609778}.BondDebug|Mixed Platforms.ActiveCfg = Debug|x86
		{B91F4BE2-5024-4012-A4A8-4E52E8609778}.BondDebug|Mixed Platforms.Build.0 = Debug|x86
		{B91F4BE2-5024-4012-A4A8-4E52E8609778}.BondDebug|x86.ActiveCfg = Debug|x86
		{B91F4BE2-5024-4012-A4A8-4E52E8609778}.BondDebug|x86.Build.0 = Debug|x86
		{B91F4BE2-5024-4012-A4A8-4E52E8609778}.Debug|Any CPU.ActiveCfg = Debug|x86
		{B91F4BE2-5024-4012-A4A8-4E52E8609778}.Debug|Mixed Platforms.ActiveCfg = Debug|x86
		{B91F4BE2-5024-4012-A4A8-4E52E8609778}.Debug|Mixed Platforms.Build.0 = Debug|x86
		{B91F4BE2-5024-4012-A4A8-4E52E8609778}.Debug|x86.ActiveCfg = Debug|x86
		{B91F4BE2-5024-4012-A4A8-4E52E8609778}.Debug|x86.Build.0 = Debug|x86
		{B91F4BE2-5024-4012-A4A8-4E52E8609778}.iFASDebug|Any CPU.ActiveCfg = Debug|x86
		{B91F4BE2-5024-4012-A4A8-4E52E8609778}.iFASDebug|Mixed Platforms.ActiveCfg = Debug|x86
		{B91F4BE2-5024-4012-A4A8-4E52E8609778}.iFASDebug|Mixed Platforms.Build.0 = Debug|x86
		{B91F4BE2-5024-4012-A4A8-4E52E8609778}.iFASDebug|x86.ActiveCfg = Debug|x86
		{B91F4BE2-5024-4012-A4A8-4E52E8609778}.iFASDebug|x86.Build.0 = Debug|x86
		{B91F4BE2-5024-4012-A4A8-4E52E8609778}.PersonalBuild|Any CPU.ActiveCfg = Release|x86
		{B91F4BE2-5024-4012-A4A8-4E52E8609778}.PersonalBuild|Mixed Platforms.ActiveCfg = Release|x86
		{B91F4BE2-5024-4012-A4A8-4E52E8609778}.PersonalBuild|Mixed Platforms.Build.0 = Release|x86
		{B91F4BE2-5024-4012-A4A8-4E52E8609778}.PersonalBuild|x86.ActiveCfg = Release|x86
		{B91F4BE2-5024-4012-A4A8-4E52E8609778}.PersonalBuild|x86.Build.0 = Release|x86
		{B91F4BE2-5024-4012-A4A8-4E52E8609778}.Release|Any CPU.ActiveCfg = Release|x86
		{B91F4BE2-5024-4012-A4A8-4E52E8609778}.Release|Mixed Platforms.ActiveCfg = Release|x86
		{B91F4BE2-5024-4012-A4A8-4E52E8609778}.Release|Mixed Platforms.Build.0 = Release|x86
		{B91F4BE2-5024-4012-A4A8-4E52E8609778}.Release|x86.ActiveCfg = Release|x86
		{B91F4BE2-5024-4012-A4A8-4E52E8609778}.Release|x86.Build.0 = Release|x86
		{B91F4BE2-5024-4012-A4A8-4E52E8609778}.SIPDebug|Any CPU.ActiveCfg = Debug|x86
		{B91F4BE2-5024-4012-A4A8-4E52E8609778}.SIPDebug|Mixed Platforms.ActiveCfg = Debug|x86
		{B91F4BE2-5024-4012-A4A8-4E52E8609778}.SIPDebug|Mixed Platforms.Build.0 = Debug|x86
		{B91F4BE2-5024-4012-A4A8-4E52E8609778}.SIPDebug|x86.ActiveCfg = Debug|x86
		{B91F4BE2-5024-4012-A4A8-4E52E8609778}.SIPDebug|x86.Build.0 = Debug|x86
		{4AEBA63F-E5B5-4D0C-B1B5-E6BCB13E1B5A}.BondDebug|Any CPU.ActiveCfg = Debug|Any CPU
		{4AEBA63F-E5B5-4D0C-B1B5-E6BCB13E1B5A}.BondDebug|Any CPU.Build.0 = Debug|Any CPU
		{4AEBA63F-E5B5-4D0C-B1B5-E6BCB13E1B5A}.BondDebug|Mixed Platforms.ActiveCfg = Debug|Any CPU
		{4AEBA63F-E5B5-4D0C-B1B5-E6BCB13E1B5A}.BondDebug|Mixed Platforms.Build.0 = Debug|Any CPU
		{4AEBA63F-E5B5-4D0C-B1B5-E6BCB13E1B5A}.BondDebug|x86.ActiveCfg = Debug|Any CPU
		{4AEBA63F-E5B5-4D0C-B1B5-E6BCB13E1B5A}.Debug|Any CPU.ActiveCfg = Debug|Any CPU
		{4AEBA63F-E5B5-4D0C-B1B5-E6BCB13E1B5A}.Debug|Any CPU.Build.0 = Debug|Any CPU
		{4AEBA63F-E5B5-4D0C-B1B5-E6BCB13E1B5A}.Debug|Mixed Platforms.ActiveCfg = Debug|Any CPU
		{4AEBA63F-E5B5-4D0C-B1B5-E6BCB13E1B5A}.Debug|Mixed Platforms.Build.0 = Debug|Any CPU
		{4AEBA63F-E5B5-4D0C-B1B5-E6BCB13E1B5A}.Debug|x86.ActiveCfg = Debug|Any CPU
		{4AEBA63F-E5B5-4D0C-B1B5-E6BCB13E1B5A}.iFASDebug|Any CPU.ActiveCfg = Debug|Any CPU
		{4AEBA63F-E5B5-4D0C-B1B5-E6BCB13E1B5A}.iFASDebug|Any CPU.Build.0 = Debug|Any CPU
		{4AEBA63F-E5B5-4D0C-B1B5-E6BCB13E1B5A}.iFASDebug|Mixed Platforms.ActiveCfg = Debug|Any CPU
		{4AEBA63F-E5B5-4D0C-B1B5-E6BCB13E1B5A}.iFASDebug|Mixed Platforms.Build.0 = Debug|Any CPU
		{4AEBA63F-E5B5-4D0C-B1B5-E6BCB13E1B5A}.iFASDebug|x86.ActiveCfg = Debug|Any CPU
		{4AEBA63F-E5B5-4D0C-B1B5-E6BCB13E1B5A}.PersonalBuild|Any CPU.ActiveCfg = Release|Any CPU
		{4AEBA63F-E5B5-4D0C-B1B5-E6BCB13E1B5A}.PersonalBuild|Any CPU.Build.0 = Release|Any CPU
		{4AEBA63F-E5B5-4D0C-B1B5-E6BCB13E1B5A}.PersonalBuild|Mixed Platforms.ActiveCfg = Release|Any CPU
		{4AEBA63F-E5B5-4D0C-B1B5-E6BCB13E1B5A}.PersonalBuild|Mixed Platforms.Build.0 = Release|Any CPU
		{4AEBA63F-E5B5-4D0C-B1B5-E6BCB13E1B5A}.PersonalBuild|x86.ActiveCfg = Release|Any CPU
		{4AEBA63F-E5B5-4D0C-B1B5-E6BCB13E1B5A}.Release|Any CPU.ActiveCfg = Release|Any CPU
		{4AEBA63F-E5B5-4D0C-B1B5-E6BCB13E1B5A}.Release|Any CPU.Build.0 = Release|Any CPU
		{4AEBA63F-E5B5-4D0C-B1B5-E6BCB13E1B5A}.Release|Mixed Platforms.ActiveCfg = Release|Any CPU
		{4AEBA63F-E5B5-4D0C-B1B5-E6BCB13E1B5A}.Release|Mixed Platforms.Build.0 = Release|Any CPU
		{4AEBA63F-E5B5-4D0C-B1B5-E6BCB13E1B5A}.Release|x86.ActiveCfg = Release|Any CPU
		{4AEBA63F-E5B5-4D0C-B1B5-E6BCB13E1B5A}.SIPDebug|Any CPU.ActiveCfg = Debug|Any CPU
		{4AEBA63F-E5B5-4D0C-B1B5-E6BCB13E1B5A}.SIPDebug|Any CPU.Build.0 = Debug|Any CPU
		{4AEBA63F-E5B5-4D0C-B1B5-E6BCB13E1B5A}.SIPDebug|Mixed Platforms.ActiveCfg = Debug|Any CPU
		{4AEBA63F-E5B5-4D0C-B1B5-E6BCB13E1B5A}.SIPDebug|Mixed Platforms.Build.0 = Debug|Any CPU
		{4AEBA63F-E5B5-4D0C-B1B5-E6BCB13E1B5A}.SIPDebug|x86.ActiveCfg = Debug|Any CPU
		{CAFDA83F-D091-49BF-816F-F7A7A72C68EC}.BondDebug|Any CPU.ActiveCfg = Debug|Any CPU
		{CAFDA83F-D091-49BF-816F-F7A7A72C68EC}.BondDebug|Any CPU.Build.0 = Debug|Any CPU
		{CAFDA83F-D091-49BF-816F-F7A7A72C68EC}.BondDebug|Mixed Platforms.ActiveCfg = Debug|Any CPU
		{CAFDA83F-D091-49BF-816F-F7A7A72C68EC}.BondDebug|Mixed Platforms.Build.0 = Debug|Any CPU
		{CAFDA83F-D091-49BF-816F-F7A7A72C68EC}.BondDebug|x86.ActiveCfg = Debug|Any CPU
		{CAFDA83F-D091-49BF-816F-F7A7A72C68EC}.Debug|Any CPU.ActiveCfg = Debug|Any CPU
		{CAFDA83F-D091-49BF-816F-F7A7A72C68EC}.Debug|Any CPU.Build.0 = Debug|Any CPU
		{CAFDA83F-D091-49BF-816F-F7A7A72C68EC}.Debug|Mixed Platforms.ActiveCfg = Debug|Any CPU
		{CAFDA83F-D091-49BF-816F-F7A7A72C68EC}.Debug|Mixed Platforms.Build.0 = Debug|Any CPU
		{CAFDA83F-D091-49BF-816F-F7A7A72C68EC}.Debug|x86.ActiveCfg = Debug|Any CPU
		{CAFDA83F-D091-49BF-816F-F7A7A72C68EC}.iFASDebug|Any CPU.ActiveCfg = Debug|Any CPU
		{CAFDA83F-D091-49BF-816F-F7A7A72C68EC}.iFASDebug|Any CPU.Build.0 = Debug|Any CPU
		{CAFDA83F-D091-49BF-816F-F7A7A72C68EC}.iFASDebug|Mixed Platforms.ActiveCfg = Debug|Any CPU
		{CAFDA83F-D091-49BF-816F-F7A7A72C68EC}.iFASDebug|Mixed Platforms.Build.0 = Debug|Any CPU
		{CAFDA83F-D091-49BF-816F-F7A7A72C68EC}.iFASDebug|x86.ActiveCfg = Debug|Any CPU
		{CAFDA83F-D091-49BF-816F-F7A7A72C68EC}.PersonalBuild|Any CPU.ActiveCfg = Release|Any CPU
		{CAFDA83F-D091-49BF-816F-F7A7A72C68EC}.PersonalBuild|Any CPU.Build.0 = Release|Any CPU
		{CAFDA83F-D091-49BF-816F-F7A7A72C68EC}.PersonalBuild|Mixed Platforms.ActiveCfg = Release|Any CPU
		{CAFDA83F-D091-49BF-816F-F7A7A72C68EC}.PersonalBuild|Mixed Platforms.Build.0 = Release|Any CPU
		{CAFDA83F-D091-49BF-816F-F7A7A72C68EC}.PersonalBuild|x86.ActiveCfg = Release|Any CPU
		{CAFDA83F-D091-49BF-816F-F7A7A72C68EC}.Release|Any CPU.ActiveCfg = Release|Any CPU
		{CAFDA83F-D091-49BF-816F-F7A7A72C68EC}.Release|Any CPU.Build.0 = Release|Any CPU
		{CAFDA83F-D091-49BF-816F-F7A7A72C68EC}.Release|Mixed Platforms.ActiveCfg = Release|Any CPU
		{CAFDA83F-D091-49BF-816F-F7A7A72C68EC}.Release|Mixed Platforms.Build.0 = Release|Any CPU
		{CAFDA83F-D091-49BF-816F-F7A7A72C68EC}.Release|x86.ActiveCfg = Release|Any CPU
		{CAFDA83F-D091-49BF-816F-F7A7A72C68EC}.SIPDebug|Any CPU.ActiveCfg = Debug|Any CPU
		{CAFDA83F-D091-49BF-816F-F7A7A72C68EC}.SIPDebug|Any CPU.Build.0 = Debug|Any CPU
		{CAFDA83F-D091-49BF-816F-F7A7A72C68EC}.SIPDebug|Mixed Platforms.ActiveCfg = Debug|Any CPU
		{CAFDA83F-D091-49BF-816F-F7A7A72C68EC}.SIPDebug|Mixed Platforms.Build.0 = Debug|Any CPU
		{CAFDA83F-D091-49BF-816F-F7A7A72C68EC}.SIPDebug|x86.ActiveCfg = Debug|Any CPU
		{335408EB-38F7-45C3-9573-CEE7B13FEDBC}.BondDebug|Any CPU.ActiveCfg = Debug
		{335408EB-38F7-45C3-9573-CEE7B13FEDBC}.BondDebug|Mixed Platforms.ActiveCfg = Debug
		{335408EB-38F7-45C3-9573-CEE7B13FEDBC}.BondDebug|x86.ActiveCfg = Debug
		{335408EB-38F7-45C3-9573-CEE7B13FEDBC}.Debug|Any CPU.ActiveCfg = Debug
		{335408EB-38F7-45C3-9573-CEE7B13FEDBC}.Debug|Mixed Platforms.ActiveCfg = Debug
		{335408EB-38F7-45C3-9573-CEE7B13FEDBC}.Debug|Mixed Platforms.Build.0 = Debug
		{335408EB-38F7-45C3-9573-CEE7B13FEDBC}.Debug|x86.ActiveCfg = Debug
		{335408EB-38F7-45C3-9573-CEE7B13FEDBC}.iFASDebug|Any CPU.ActiveCfg = Debug
		{335408EB-38F7-45C3-9573-CEE7B13FEDBC}.iFASDebug|Mixed Platforms.ActiveCfg = Debug
		{335408EB-38F7-45C3-9573-CEE7B13FEDBC}.iFASDebug|x86.ActiveCfg = Debug
		{335408EB-38F7-45C3-9573-CEE7B13FEDBC}.PersonalBuild|Any CPU.ActiveCfg = Release
		{335408EB-38F7-45C3-9573-CEE7B13FEDBC}.PersonalBuild|Mixed Platforms.ActiveCfg = Release
		{335408EB-38F7-45C3-9573-CEE7B13FEDBC}.PersonalBuild|x86.ActiveCfg = Release
		{335408EB-38F7-45C3-9573-CEE7B13FEDBC}.Release|Any CPU.ActiveCfg = Release
		{335408EB-38F7-45C3-9573-CEE7B13FEDBC}.Release|Mixed Platforms.ActiveCfg = Release
		{335408EB-38F7-45C3-9573-CEE7B13FEDBC}.Release|x86.ActiveCfg = Release
		{335408EB-38F7-45C3-9573-CEE7B13FEDBC}.SIPDebug|Any CPU.ActiveCfg = Debug
		{335408EB-38F7-45C3-9573-CEE7B13FEDBC}.SIPDebug|Mixed Platforms.ActiveCfg = Debug
		{335408EB-38F7-45C3-9573-CEE7B13FEDBC}.SIPDebug|x86.ActiveCfg = Debug
	EndGlobalSection
	GlobalSection(SolutionProperties) = preSolution
		HideSolutionNode = FALSE
	EndGlobalSection
EndGlobal
